{
  "name": "@helperdiscord/vote",
  "version": "1.0.2",
  "lockfileVersion": 2,
  "requires": true,
  "packages": {
    "": {
      "name": "@helperdiscord/vote",
      "version": "1.0.0",
      "license": "ISC",
      "dependencies": {
        "@helperdiscord/centra": "^1.0.7"
      }
    },
    "node_modules/@helperdiscord/centra": {
      "version": "1.0.7",
      "resolved": "https://registry.npmjs.org/@helperdiscord/centra/-/centra-1.0.7.tgz",
      "integrity": "sha512-zf3zrgJKj5krfxV4Ok3HeW3+BelC/m14pq32dXg/L2lHPxDBpDlib4lCUAzY22Yv2wyAbOTIZhO94qARDw8eJg=="
    }
  },
  "dependencies": {
    "@helperdiscord/centra": {
      "version": "1.0.7",
      "resolved": "https://registry.npmjs.org/@helperdiscord/centra/-/centra-1.0.7.tgz",
      "integrity": "sha512-zf3zrgJKj5krfxV4Ok3HeW3+BelC/m14pq32dXg/L2lHPxDBpDlib4lCUAzY22Yv2wyAbOTIZhO94qARDw8eJg=="
    }
  }
}
